
Microsoft Visual Studio Solution File, Format Version 12.00
# Visual Studio Version 17
VisualStudioVersion = 17.1.32328.378
MinimumVisualStudioVersion = 10.0.40219.1
Project("{FAE04EC0-301F-11D3-BF4B-00C04F79EFBC}") = "NoteTakingApp", "NoteTakingApp\NoteTakingApp.csproj", "{FFC63CD7-BBC9-4728-99FD-ECF522C4A122}"
EndProject
Global
	GlobalSection(SolutionConfigurationPlatforms) = preSolution
		Debug|Any CPU = Debug|Any CPU
		Release|Any CPU = Release|Any CPU
	EndGlobalSection
	GlobalSection(ProjectConfigurationPlatforms) = postSolution
		{FFC63CD7-BBC9-4728-99FD-ECF522C4A122}.Debug|Any CPU.ActiveCfg = Debug|Any CPU
		{FFC63CD7-BBC9-4728-99FD-ECF522C4A122}.Debug|Any CPU.Build.0 = Debug|Any CPU
		{FFC63CD7-BBC9-4728-99FD-ECF522C4A122}.Release|Any CPU.ActiveCfg = Release|Any CPU
		{FFC63CD7-BBC9-4728-99FD-ECF522C4A122}.Release|Any CPU.Build.0 = Release|Any CPU
	EndGlobalSection
	GlobalSection(SolutionProperties) = preSolution
		HideSolutionNode = FALSE
	EndGlobalSection
	GlobalSection(ExtensibilityGlobals) = postSolution
		SolutionGuid = {02D437ED-2B05-446A-B8C6-8369FA955977}
	EndGlobalSection
EndGlobal
